
Microsoft Visual Studio Solution File, Format Version 12.00
Project("{FAE04EC0-301F-11D3-BF4B-00C04F79EFBC}") = "CalculatorCet", "CalculatorCet\CalculatorCet.csproj", "{3588E5C7-60CF-4B47-A376-F8A600FEEE1C}"
EndProject
Global
	GlobalSection(SolutionConfigurationPlatforms) = preSolution
		Debug|Any CPU = Debug|Any CPU
		Release|Any CPU = Release|Any CPU
	EndGlobalSection
	GlobalSection(ProjectConfigurationPlatforms) = postSolution
		{3588E5C7-60CF-4B47-A376-F8A600FEEE1C}.Debug|Any CPU.ActiveCfg = Debug|Any CPU
		{3588E5C7-60CF-4B47-A376-F8A600FEEE1C}.Debug|Any CPU.Build.0 = Debug|Any CPU
		{3588E5C7-60CF-4B47-A376-F8A600FEEE1C}.Release|Any CPU.ActiveCfg = Release|Any CPU
		{3588E5C7-60CF-4B47-A376-F8A600FEEE1C}.Release|Any CPU.Build.0 = Release|Any CPU
	EndGlobalSection
EndGlobal
